
Microsoft Visual Studio Solution File, Format Version 12.00
# Visual Studio Version 17
VisualStudioVersion = 17.2.32616.157
MinimumVisualStudioVersion = 10.0.40219.1
Project("{9A19103F-16F7-4668-BE54-9A1E7A4F7556}") = "BlazorTest.Server", "BlazorTest\Server\BlazorTest.Server.csproj", "{DCAAF462-77DD-4922-B8A4-7F0EE397F383}"
EndProject
Project("{9A19103F-16F7-4668-BE54-9A1E7A4F7556}") = "BlazorTest.Client", "BlazorTest\Client\BlazorTest.Client.csproj", "{3E0E755D-807B-4C41-BC6B-B70236894468}"
EndProject
Project("{9A19103F-16F7-4668-BE54-9A1E7A4F7556}") = "BlazorTest.Shared", "BlazorTest\Shared\BlazorTest.Shared.csproj", "{754C76BB-AEFA-4DE4-AC2F-DB2125ADF029}"
EndProject
Project("{2150E333-8FDC-42A3-9474-1A3956D46DE8}") = "Solution Items", "Solution Items", "{4B83F940-122A-4B46-B9D1-0D4DBD67A7F2}"
	ProjectSection(SolutionItems) = preProject
		.editorconfig = .editorconfig
	EndProjectSection
EndProject
Global
	GlobalSection(SolutionConfigurationPlatforms) = preSolution
		Debug|Any CPU = Debug|Any CPU
		Release|Any CPU = Release|Any CPU
	EndGlobalSection
	GlobalSection(ProjectConfigurationPlatforms) = postSolution
		{DCAAF462-77DD-4922-B8A4-7F0EE397F383}.Debug|Any CPU.ActiveCfg = Debug|Any CPU
		{DCAAF462-77DD-4922-B8A4-7F0EE397F383}.Debug|Any CPU.Build.0 = Debug|Any CPU
		{DCAAF462-77DD-4922-B8A4-7F0EE397F383}.Release|Any CPU.ActiveCfg = Release|Any CPU
		{DCAAF462-77DD-4922-B8A4-7F0EE397F383}.Release|Any CPU.Build.0 = Release|Any CPU
		{3E0E755D-807B-4C41-BC6B-B70236894468}.Debug|Any CPU.ActiveCfg = Debug|Any CPU
		{3E0E755D-807B-4C41-BC6B-B70236894468}.Debug|Any CPU.Build.0 = Debug|Any CPU
		{3E0E755D-807B-4C41-BC6B-B70236894468}.Release|Any CPU.ActiveCfg = Release|Any CPU
		{3E0E755D-807B-4C41-BC6B-B70236894468}.Release|Any CPU.Build.0 = Release|Any CPU
		{754C76BB-AEFA-4DE4-AC2F-DB2125ADF029}.Debug|Any CPU.ActiveCfg = Debug|Any CPU
		{754C76BB-AEFA-4DE4-AC2F-DB2125ADF029}.Debug|Any CPU.Build.0 = Debug|Any CPU
		{754C76BB-AEFA-4DE4-AC2F-DB2125ADF029}.Release|Any CPU.ActiveCfg = Release|Any CPU
		{754C76BB-AEFA-4DE4-AC2F-DB2125ADF029}.Release|Any CPU.Build.0 = Release|Any CPU
	EndGlobalSection
	GlobalSection(SolutionProperties) = preSolution
		HideSolutionNode = FALSE
	EndGlobalSection
	GlobalSection(ExtensibilityGlobals) = postSolution
		SolutionGuid = {1A47A5FA-A68C-4457-B544-1377A841C8B3}
	EndGlobalSection
EndGlobal
